
Microsoft Visual Studio Solution File, Format Version 12.00
# Visual Studio Version 17
VisualStudioVersion = 17.5.33530.505
MinimumVisualStudioVersion = 10.0.40219.1
Project("{FAE04EC0-301F-11D3-BF4B-00C04F79EFBC}") = "Aula2_POO", "Aula2_POO\Aula2_POO.csproj", "{37C8BD68-A7E9-47CB-9195-55C9A304ABBC}"
EndProject
Global
	GlobalSection(SolutionConfigurationPlatforms) = preSolution
		Debug|Any CPU = Debug|Any CPU
		Release|Any CPU = Release|Any CPU
	EndGlobalSection
	GlobalSection(ProjectConfigurationPlatforms) = postSolution
		{37C8BD68-A7E9-47CB-9195-55C9A304ABBC}.Debug|Any CPU.ActiveCfg = Debug|Any CPU
		{37C8BD68-A7E9-47CB-9195-55C9A304ABBC}.Debug|Any CPU.Build.0 = Debug|Any CPU
		{37C8BD68-A7E9-47CB-9195-55C9A304ABBC}.Release|Any CPU.ActiveCfg = Release|Any CPU
		{37C8BD68-A7E9-47CB-9195-55C9A304ABBC}.Release|Any CPU.Build.0 = Release|Any CPU
	EndGlobalSection
	GlobalSection(SolutionProperties) = preSolution
		HideSolutionNode = FALSE
	EndGlobalSection
	GlobalSection(ExtensibilityGlobals) = postSolution
		SolutionGuid = {069B817F-B867-45E9-BBD2-57AC6447341A}
	EndGlobalSection
EndGlobal
