
Microsoft Visual Studio Solution File, Format Version 12.00
# Visual Studio Version 17
VisualStudioVersion = 17.5.33502.453
MinimumVisualStudioVersion = 10.0.40219.1
Project("{FAE04EC0-301F-11D3-BF4B-00C04F79EFBC}") = "ExcCursosPOO", "ExcCursosPOO\ExcCursosPOO.csproj", "{0BAE4B13-9B5B-40AA-B14A-8171644EA979}"
EndProject
Global
	GlobalSection(SolutionConfigurationPlatforms) = preSolution
		Debug|Any CPU = Debug|Any CPU
		Release|Any CPU = Release|Any CPU
	EndGlobalSection
	GlobalSection(ProjectConfigurationPlatforms) = postSolution
		{0BAE4B13-9B5B-40AA-B14A-8171644EA979}.Debug|Any CPU.ActiveCfg = Debug|Any CPU
		{0BAE4B13-9B5B-40AA-B14A-8171644EA979}.Debug|Any CPU.Build.0 = Debug|Any CPU
		{0BAE4B13-9B5B-40AA-B14A-8171644EA979}.Release|Any CPU.ActiveCfg = Release|Any CPU
		{0BAE4B13-9B5B-40AA-B14A-8171644EA979}.Release|Any CPU.Build.0 = Release|Any CPU
	EndGlobalSection
	GlobalSection(SolutionProperties) = preSolution
		HideSolutionNode = FALSE
	EndGlobalSection
	GlobalSection(ExtensibilityGlobals) = postSolution
		SolutionGuid = {D3AAAD64-F6E1-4BBC-8A40-575481D89F1C}
	EndGlobalSection
EndGlobal
