
Microsoft Visual Studio Solution File, Format Version 12.00
# Visual Studio Version 17
VisualStudioVersion = 17.4.33205.214
MinimumVisualStudioVersion = 10.0.40219.1
Project("{FAE04EC0-301F-11D3-BF4B-00C04F79EFBC}") = "RPGPOO", "RPGPOO\RPGPOO.csproj", "{3A49C642-830B-4CC7-BCA3-97649984827D}"
EndProject
Global
	GlobalSection(SolutionConfigurationPlatforms) = preSolution
		Debug|Any CPU = Debug|Any CPU
		Release|Any CPU = Release|Any CPU
	EndGlobalSection
	GlobalSection(ProjectConfigurationPlatforms) = postSolution
		{3A49C642-830B-4CC7-BCA3-97649984827D}.Debug|Any CPU.ActiveCfg = Debug|Any CPU
		{3A49C642-830B-4CC7-BCA3-97649984827D}.Debug|Any CPU.Build.0 = Debug|Any CPU
		{3A49C642-830B-4CC7-BCA3-97649984827D}.Release|Any CPU.ActiveCfg = Release|Any CPU
		{3A49C642-830B-4CC7-BCA3-97649984827D}.Release|Any CPU.Build.0 = Release|Any CPU
	EndGlobalSection
	GlobalSection(SolutionProperties) = preSolution
		HideSolutionNode = FALSE
	EndGlobalSection
	GlobalSection(ExtensibilityGlobals) = postSolution
		SolutionGuid = {FFD9FCB6-5A01-4B98-88F8-3D0FB276870E}
	EndGlobalSection
EndGlobal
