
Microsoft Visual Studio Solution File, Format Version 12.00
# Visual Studio Version 17
VisualStudioVersion = 17.5.33530.505
MinimumVisualStudioVersion = 10.0.40219.1
Project("{FAE04EC0-301F-11D3-BF4B-00C04F79EFBC}") = "Exercicio POO", "Exercicio POO\Exercicio POO.csproj", "{D2F08F7C-A4EF-499E-B474-CBAB30B9EE4E}"
EndProject
Global
	GlobalSection(SolutionConfigurationPlatforms) = preSolution
		Debug|Any CPU = Debug|Any CPU
		Release|Any CPU = Release|Any CPU
	EndGlobalSection
	GlobalSection(ProjectConfigurationPlatforms) = postSolution
		{D2F08F7C-A4EF-499E-B474-CBAB30B9EE4E}.Debug|Any CPU.ActiveCfg = Debug|Any CPU
		{D2F08F7C-A4EF-499E-B474-CBAB30B9EE4E}.Debug|Any CPU.Build.0 = Debug|Any CPU
		{D2F08F7C-A4EF-499E-B474-CBAB30B9EE4E}.Release|Any CPU.ActiveCfg = Release|Any CPU
		{D2F08F7C-A4EF-499E-B474-CBAB30B9EE4E}.Release|Any CPU.Build.0 = Release|Any CPU
	EndGlobalSection
	GlobalSection(SolutionProperties) = preSolution
		HideSolutionNode = FALSE
	EndGlobalSection
	GlobalSection(ExtensibilityGlobals) = postSolution
		SolutionGuid = {627A44D0-2785-4678-9174-85DFB50DD5BC}
	EndGlobalSection
EndGlobal
